
Microsoft Visual Studio Solution File, Format Version 12.00
# Visual Studio Version 16
VisualStudioVersion = 16.0.29728.190
MinimumVisualStudioVersion = 10.0.40219.1
Project("{9A19103F-16F7-4668-BE54-9A1E7A4F7556}") = "BankAppCodingExcercise.Infrastructure", "BankAppCodingExercise.Infrastructure\BankAppCodingExcercise.Infrastructure.csproj", "{7F201A27-FFA1-43AC-8863-F4CFBCC2CCCA}"
EndProject
Project("{9A19103F-16F7-4668-BE54-9A1E7A4F7556}") = "BankAppCodingExcercise.Services", "BankAppCodingExcercise.Services\BankAppCodingExcercise.Services.csproj", "{F35F1830-EB21-4D46-B18F-94CF940CF015}"
EndProject
Project("{9A19103F-16F7-4668-BE54-9A1E7A4F7556}") = "BankAppCodingExcercise.Tests", "BankAppCodingExcercise.Tests\BankAppCodingExcercise.Tests.csproj", "{C731994E-B722-4725-AD73-5E58C51370C6}"
EndProject
Global
	GlobalSection(SolutionConfigurationPlatforms) = preSolution
		Debug|Any CPU = Debug|Any CPU
		Release|Any CPU = Release|Any CPU
	EndGlobalSection
	GlobalSection(ProjectConfigurationPlatforms) = postSolution
		{7F201A27-FFA1-43AC-8863-F4CFBCC2CCCA}.Debug|Any CPU.ActiveCfg = Debug|Any CPU
		{7F201A27-FFA1-43AC-8863-F4CFBCC2CCCA}.Debug|Any CPU.Build.0 = Debug|Any CPU
		{7F201A27-FFA1-43AC-8863-F4CFBCC2CCCA}.Release|Any CPU.ActiveCfg = Release|Any CPU
		{7F201A27-FFA1-43AC-8863-F4CFBCC2CCCA}.Release|Any CPU.Build.0 = Release|Any CPU
		{F35F1830-EB21-4D46-B18F-94CF940CF015}.Debug|Any CPU.ActiveCfg = Debug|Any CPU
		{F35F1830-EB21-4D46-B18F-94CF940CF015}.Debug|Any CPU.Build.0 = Debug|Any CPU
		{F35F1830-EB21-4D46-B18F-94CF940CF015}.Release|Any CPU.ActiveCfg = Release|Any CPU
		{F35F1830-EB21-4D46-B18F-94CF940CF015}.Release|Any CPU.Build.0 = Release|Any CPU
		{C731994E-B722-4725-AD73-5E58C51370C6}.Debug|Any CPU.ActiveCfg = Debug|Any CPU
		{C731994E-B722-4725-AD73-5E58C51370C6}.Debug|Any CPU.Build.0 = Debug|Any CPU
		{C731994E-B722-4725-AD73-5E58C51370C6}.Release|Any CPU.ActiveCfg = Release|Any CPU
		{C731994E-B722-4725-AD73-5E58C51370C6}.Release|Any CPU.Build.0 = Release|Any CPU
	EndGlobalSection
	GlobalSection(SolutionProperties) = preSolution
		HideSolutionNode = FALSE
	EndGlobalSection
	GlobalSection(ExtensibilityGlobals) = postSolution
		SolutionGuid = {67D6C7D4-8D6D-42BD-A8DD-128F49657BB9}
	EndGlobalSection
EndGlobal
